
Microsoft Visual Studio Solution File, Format Version 12.00
# Visual Studio Version 17
VisualStudioVersion = 17.4.33110.190
MinimumVisualStudioVersion = 10.0.40219.1
Project("{FAE04EC0-301F-11D3-BF4B-00C04F79EFBC}") = "MVC-grupp6", "MVC-grupp6\MVC-grupp6.csproj", "{6837D8B3-374B-40FF-95A8-15E9A12BB432}"
EndProject
Global
	GlobalSection(SolutionConfigurationPlatforms) = preSolution
		Debug|Any CPU = Debug|Any CPU
		Release|Any CPU = Release|Any CPU
	EndGlobalSection
	GlobalSection(ProjectConfigurationPlatforms) = postSolution
		{6837D8B3-374B-40FF-95A8-15E9A12BB432}.Debug|Any CPU.ActiveCfg = Debug|Any CPU
		{6837D8B3-374B-40FF-95A8-15E9A12BB432}.Debug|Any CPU.Build.0 = Debug|Any CPU
		{6837D8B3-374B-40FF-95A8-15E9A12BB432}.Release|Any CPU.ActiveCfg = Release|Any CPU
		{6837D8B3-374B-40FF-95A8-15E9A12BB432}.Release|Any CPU.Build.0 = Release|Any CPU
	EndGlobalSection
	GlobalSection(SolutionProperties) = preSolution
		HideSolutionNode = FALSE
	EndGlobalSection
	GlobalSection(ExtensibilityGlobals) = postSolution
		SolutionGuid = {5AF2435C-206B-4709-8F2C-56F6481A10AE}
	EndGlobalSection
EndGlobal
